
Microsoft Visual Studio Solution File, Format Version 12.00
# Visual Studio 15
VisualStudioVersion = 15.0.28307.271
MinimumVisualStudioVersion = 10.0.40219.1
Project("{FAE04EC0-301F-11D3-BF4B-00C04F79EFBC}") = "Search_Highlight_TreeView", "Search_Highlight_TreeView.csproj", "{1E49121D-BAC1-458B-90ED-217D5AD9FC13}"
EndProject
Global
	GlobalSection(SolutionConfigurationPlatforms) = preSolution
		Debug|Any CPU = Debug|Any CPU
		Release|Any CPU = Release|Any CPU
	EndGlobalSection
	GlobalSection(ProjectConfigurationPlatforms) = postSolution
		{1E49121D-BAC1-458B-90ED-217D5AD9FC13}.Debug|Any CPU.ActiveCfg = Debug|Any CPU
		{1E49121D-BAC1-458B-90ED-217D5AD9FC13}.Debug|Any CPU.Build.0 = Debug|Any CPU
		{1E49121D-BAC1-458B-90ED-217D5AD9FC13}.Release|Any CPU.ActiveCfg = Release|Any CPU
		{1E49121D-BAC1-458B-90ED-217D5AD9FC13}.Release|Any CPU.Build.0 = Release|Any CPU
	EndGlobalSection
	GlobalSection(SolutionProperties) = preSolution
		HideSolutionNode = FALSE
	EndGlobalSection
	GlobalSection(ExtensibilityGlobals) = postSolution
		SolutionGuid = {DA490CD8-DB78-4741-8372-EB25A141A504}
	EndGlobalSection
EndGlobal
